
Microsoft Visual Studio Solution File, Format Version 12.00
# Visual Studio Version 16
VisualStudioVersion = 16.0.29519.87
MinimumVisualStudioVersion = 10.0.40219.1
Project("{FAE04EC0-301F-11D3-BF4B-00C04F79EFBC}") = "GitDemo", "GitDemo.csproj", "{90C63455-03D7-4C94-B69D-45DC649DDD05}"
EndProject
Global
	GlobalSection(SolutionConfigurationPlatforms) = preSolution
		Debug|Any CPU = Debug|Any CPU
		Release|Any CPU = Release|Any CPU
	EndGlobalSection
	GlobalSection(ProjectConfigurationPlatforms) = postSolution
		{90C63455-03D7-4C94-B69D-45DC649DDD05}.Debug|Any CPU.ActiveCfg = Debug|Any CPU
		{90C63455-03D7-4C94-B69D-45DC649DDD05}.Debug|Any CPU.Build.0 = Debug|Any CPU
		{90C63455-03D7-4C94-B69D-45DC649DDD05}.Release|Any CPU.ActiveCfg = Release|Any CPU
		{90C63455-03D7-4C94-B69D-45DC649DDD05}.Release|Any CPU.Build.0 = Release|Any CPU
	EndGlobalSection
	GlobalSection(SolutionProperties) = preSolution
		HideSolutionNode = FALSE
	EndGlobalSection
	GlobalSection(ExtensibilityGlobals) = postSolution
		SolutionGuid = {E08817F6-E455-4EF2-97EB-D517D8917C6B}
	EndGlobalSection
EndGlobal
